<?xml version="1.0" encoding="utf-8"?>
<Project ToolsVersion="4.0" xmlns="http://schemas.microsoft.com/developer/msbuild/2003">
  <ItemGroup>
    <CudaCompile Include="kernel.cu" />
    <CudaCompile Include="..\..\src\kmeans.cu">
      <Filter>CUDA files</Filter>
    </CudaCompile>
    <CudaCompile Include="..\..\src\knn.cu">
      <Filter>CUDA files</Filter>
    </CudaCompile>
    <CudaCompile Include="..\..\src\transpose.cu">
      <Filter>CUDA files</Filter>
    </CudaCompile>
  </ItemGroup>
  <ItemGroup>
    <Filter Include="Header files">
      <UniqueIdentifier>{81809b38-8835-4c69-abd7-2880fe1ae2f8}</UniqueIdentifier>
    </Filter>
    <Filter Include="Source files">
      <UniqueIdentifier>{8c5e4679-4969-4098-ab62-b8e94bed91ba}</UniqueIdentifier>
    </Filter>
    <Filter Include="CUDA files">
      <UniqueIdentifier>{3dedfa35-1870-478f-9f6b-d0c4dd00e09d}</UniqueIdentifier>
    </Filter>
  </ItemGroup>
  <ItemGroup>
    <ClInclude Include="..\..\src\fp_abstraction.h">
      <Filter>Header files</Filter>
    </ClInclude>
    <ClInclude Include="..\..\src\kmcuda.h">
      <Filter>Header files</Filter>
    </ClInclude>
    <ClInclude Include="..\..\src\metric_abstraction.h">
      <Filter>Header files</Filter>
    </ClInclude>
    <ClInclude Include="..\..\src\private.h">
      <Filter>Header files</Filter>
    </ClInclude>
    <ClInclude Include="..\..\src\tricks.cuh">
      <Filter>Header files</Filter>
    </ClInclude>
    <ClInclude Include="..\..\src\wrappers.h">
      <Filter>Header files</Filter>
    </ClInclude>
  </ItemGroup>
  <ItemGroup>
    <ClCompile Include="..\..\src\kmcuda.cc">
      <Filter>Source files</Filter>
    </ClCompile>
  </ItemGroup>
</Project>